
Microsoft Visual Studio Solution File, Format Version 11.00
# Visual Studio 2010
Project("{E24C65DC-7377-472B-9ABA-BC803B73C61A}") = "Primary-Key-ASP.Net", ".", "{B593E0A6-227B-4AB3-B1E2-4D3D97FFC782}"
	ProjectSection(WebsiteProperties) = preProject
		TargetFrameworkMoniker = ".NETFramework,Version%3Dv4.0"
		Debug.AspNetCompiler.VirtualPath = "/Primary-Key-ASP.Net"
		Debug.AspNetCompiler.PhysicalPath = "..\Primary-Key-ASP.Net\"
		Debug.AspNetCompiler.TargetPath = "PrecompiledWeb\Primary-Key-ASP.Net\"
		Debug.AspNetCompiler.Updateable = "true"
		Debug.AspNetCompiler.ForceOverwrite = "true"
		Debug.AspNetCompiler.FixedNames = "false"
		Debug.AspNetCompiler.Debug = "True"
		Release.AspNetCompiler.VirtualPath = "/Primary-Key-ASP.Net"
		Release.AspNetCompiler.PhysicalPath = "..\Primary-Key-ASP.Net\"
		Release.AspNetCompiler.TargetPath = "PrecompiledWeb\Primary-Key-ASP.Net\"
		Release.AspNetCompiler.Updateable = "true"
		Release.AspNetCompiler.ForceOverwrite = "true"
		Release.AspNetCompiler.FixedNames = "false"
		Release.AspNetCompiler.Debug = "False"
		VWDPort = "10613"
	EndProjectSection
EndProject
Global
	GlobalSection(SolutionConfigurationPlatforms) = preSolution
		Debug|Any CPU = Debug|Any CPU
	EndGlobalSection
	GlobalSection(ProjectConfigurationPlatforms) = postSolution
		{B593E0A6-227B-4AB3-B1E2-4D3D97FFC782}.Debug|Any CPU.ActiveCfg = Debug|Any CPU
		{B593E0A6-227B-4AB3-B1E2-4D3D97FFC782}.Debug|Any CPU.Build.0 = Debug|Any CPU
	EndGlobalSection
	GlobalSection(SolutionProperties) = preSolution
		HideSolutionNode = FALSE
	EndGlobalSection
EndGlobal
